// !$*UTF8*$!
{
	archiveVersion = 1;
	classes = {
	};
	objectVersion = 46;
	objects = {

/* Begin PBXBuildFile section */
		B3D460831F25BE3F005162D4 /* AppDelegate.swift in Sources */ = {isa = PBXBuildFile; fileRef = B3D460821F25BE3F005162D4 /* AppDelegate.swift */; };
		B3D460851F25BE3F005162D4 /* ViewController.swift in Sources */ = {isa = PBXBuildFile; fileRef = B3D460841F25BE3F005162D4 /* ViewController.swift */; };
		B3D460881F25BE3F005162D4 /* Main.storyboard in Resources */ = {isa = PBXBuildFile; fileRef = B3D460861F25BE3F005162D4 /* Main.storyboard */; };
		B3D4608A1F25BE3F005162D4 /* Assets.xcassets in Resources */ = {isa = PBXBuildFile; fileRef = B3D460891F25BE3F005162D4 /* Assets.xcassets */; };
		B3D4608D1F25BE3F005162D4 /* LaunchScreen.storyboard in Resources */ = {isa = PBXBuildFile; fileRef = B3D4608B1F25BE3F005162D4 /* LaunchScreen.storyboard */; };
/* End PBXBuildFile section */

/* Begin PBXFileReference section */
		B3D4607F1F25BE3F005162D4 /* CloudsApp.app */ = {isa = PBXFileReference; explicitFileType = wrapper.application; includeInIndex = 0; path = CloudsApp.app; sourceTree = BUILT_PRODUCTS_DIR; };
		B3D460821F25BE3F005162D4 /* AppDelegate.swift */ = {isa = PBXFileReference; lastKnownFileType = sourcecode.swift; path = AppDelegate.swift; sourceTree = "<group>"; };
		B3D460841F25BE3F005162D4 /* ViewController.swift */ = {isa = PBXFileReference; lastKnownFileType = sourcecode.swift; path = ViewController.swift; sourceTree = "<group>"; };
		B3D460871F25BE3F005162D4 /* Base */ = {isa = PBXFileReference; lastKnownFileType = file.storyboard; name = Base; path = Base.lproj/Main.storyboard; sourceTree = "<group>"; };
		B3D460891F25BE3F005162D4 /* Assets.xcassets */ = {isa = PBXFileReference; lastKnownFileType = folder.assetcatalog; path = Assets.xcassets; sourceTree = "<group>"; };
		B3D4608C1F25BE3F005162D4 /* Base */ = {isa = PBXFileReference; lastKnownFileType = file.storyboard; name = Base; path = Base.lproj/LaunchScreen.storyboard; sourceTree = "<group>"; };
		B3D4608E1F25BE3F005162D4 /* Info.plist */ = {isa = PBXFileReference; lastKnownFileType = text.plist.xml; path = Info.plist; sourceTree = "<group>"; };
/* End PBXFileReference section */

/* Begin PBXFrameworksBuildPhase section */
		B3D4607C1F25BE3F005162D4 /* Frameworks */ = {
			isa = PBXFrameworksBuildPhase;
			buildActionMask = 2147483647;
			files = (
			);
			runOnlyForDeploymentPostprocessing = 0;
		};
/* End PBXFrameworksBuildPhase section */

/* Begin PBXGroup section */
		B3D460761F25BE3F005162D4 = {
			isa = PBXGroup;
			children = (
				B3D460811F25BE3F005162D4 /* CloudsApp */,
				B3D460801F25BE3F005162D4 /* Products */,
			);
			sourceTree = "<group>";
		};
		B3D460801F25BE3F005162D4 /* Products */ = {
			isa = PBXGroup;
			children = (
				B3D4607F1F25BE3F005162D4 /* CloudsApp.app */,
			);
			name = Products;
			sourceTree = "<group>";
		};
		B3D460811F25BE3F005162D4 /* CloudsApp */ = {
			isa = PBXGroup;
			children = (
				B3D460821F25BE3F005162D4 /* AppDelegate.swift */,
				B3D460841F25BE3F005162D4 /* ViewController.swift */,
				B3D460861F25BE3F005162D4 /* Main.storyboard */,
				B3D460891F25BE3F005162D4 /* Assets.xcassets */,
				B3D4608B1F25BE3F005162D4 /* LaunchScreen.storyboard */,
				B3D4608E1F25BE3F005162D4 /* Info.plist */,
			);
			path = CloudsApp;
			sourceTree = "<group>";
		};
/* End PBXGroup section */

/* Begin PBXNativeTarget section */
		B3D4607E1F25BE3F005162D4 /* CloudsApp */ = {
			isa = PBXNativeTarget;
			buildConfigurationList = B3D460911F25BE3F005162D4 /* Build configuration list for PBXNativeTarget "CloudsApp" */;
			buildPhases = (
				B3D4607B1F25BE3F005162D4 /* Sources */,
				B3D4607C1F25BE3F005162D4 /* Frameworks */,
				B3D4607D1F25BE3F005162D4 /* Resources */,
			);
			buildRules = (
			);
			dependencies = (
			);
			name = CloudsApp;
			productName = CloudsApp;
			productReference = B3D4607F1F25BE3F005162D4 /* CloudsApp.app */;
			productType = "com.apple.product-type.application";
		};
/* End PBXNativeTarget section */

/* Begin PBXProject section */
		B3D460771F25BE3F005162D4 /* Project object */ = {
			isa = PBXProject;
			attributes = {
				LastSwiftUpdateCheck = 0830;
				LastUpgradeCheck = 0830;
				ORGANIZATIONNAME = unision;
				TargetAttributes = {
					B3D4607E1F25BE3F005162D4 = {
						CreatedOnToolsVersion = 8.3.2;
						ProvisioningStyle = Automatic;
					};
				};
			};
			buildConfigurationList = B3D4607A1F25BE3F005162D4 /* Build configuration list for PBXProject "CloudsApp" */;
			compatibilityVersion = "Xcode 3.2";
			developmentRegion = English;
			hasScannedForEncodings = 0;
			knownRegions = (
				en,
				Base,
			);
			mainGroup = B3D460761F25BE3F005162D4;
			productRefGroup = B3D460801F25BE3F005162D4 /* Products */;
			projectDirPath = "";
			projectRoot = "";
			targets = (
				B3D4607E1F25BE3F005162D4 /* CloudsApp */,
			);
		};
/* End PBXProject section */

/* Begin PBXResourcesBuildPhase section */
		B3D4607D1F25BE3F005162D4 /* Resources */ = {
			isa = PBXResourcesBuildPhase;
			buildActionMask = 2147483647;
			files = (
				B3D4608D1F25BE3F005162D4 /* LaunchScreen.storyboard in Resources */,
				B3D4608A1F25BE3F005162D4 /* Assets.xcassets in Resources */,
				B3D460881F25BE3F005162D4 /* Main.storyboard in Resources */,
			);
			runOnlyForDeploymentPostprocessing = 0;
		};
/* End PBXResourcesBuildPhase section */

/* Begin PBXSourcesBuildPhase section */
		B3D4607B1F25BE3F005162D4 /* Sources */ = {
			isa = PBXSourcesBuildPhase;
			buildActionMask = 2147483647;
			files = (
				B3D460851F25BE3F005162D4 /* ViewController.swift in Sources */,
				B3D460831F25BE3F005162D4 /* AppDelegate.swift in Sources */,
			);
			runOnlyForDeploymentPostprocessing = 0;
		};
/* End PBXSourcesBuildPhase section */

/* Begin PBXVariantGroup section */
		B3D460861F25BE3F005162D4 /* Main.storyboard */ = {
			isa = PBXVariantGroup;
			children = (
				B3D460871F25BE3F005162D4 /* Base */,
			);
			name = Main.storyboard;
			sourceTree = "<group>";
		};
		B3D4608B1F25BE3F005162D4 /* LaunchScreen.storyboard */ = {
			isa = PBXVariantGroup;
			children = (
				B3D4608C1F25BE3F005162D4 /* Base */,
			);
			name = LaunchScreen.storyboard;
			sourceTree = "<group>";
		};
/* End PBXVariantGroup section */

/* Begin XCBuildConfiguration section */
		B3D4608F1F25BE3F005162D4 /* Debug */ = {
			isa = XCBuildConfiguration;
			buildSettings = {
				ALWAYS_SEARCH_USER_PATHS = NO;
				CLANG_ANALYZER_NONNULL = YES;
				CLANG_ANALYZER_NUMBER_OBJECT_CONVERSION = YES_AGGRESSIVE;
				CLANG_CXX_LANGUAGE_STANDARD = "gnu++0x";
				CLANG_CXX_LIBRARY = "libc++";
				CLANG_ENABLE_MODULES = YES;
				CLANG_ENABLE_OBJC_ARC = YES;
				CLANG_WARN_BOOL_CONVERSION = YES;
				CLANG_WARN_CONSTANT_CONVERSION = YES;
				CLANG_WARN_DIRECT_OBJC_ISA_USAGE = YES_ERROR;
				CLANG_WARN_DOCUMENTATION_COMMENTS = YES;
				CLANG_WARN_EMPTY_BODY = YES;
				CLANG_WARN_ENUM_CONVERSION = YES;
				CLANG_WARN_INFINITE_RECURSION = YES;
				CLANG_WARN_INT_CONVERSION = YES;
				CLANG_WARN_OBJC_ROOT_CLASS = YES_ERROR;
				CLANG_WARN_SUSPICIOUS_MOVE = YES;
				CLANG_WARN_UNREACHABLE_CODE = YES;
				CLANG_WARN__DUPLICATE_METHOD_MATCH = YES;
				"CODE_SIGN_IDENTITY[sdk=iphoneos*]" = "iPhone Developer";
				COPY_PHASE_STRIP = NO;
				DEBUG_INFORMATION_FORMAT = dwarf;
				ENABLE_STRICT_OBJC_MSGSEND = YES;
				ENABLE_TESTABILITY = YES;
				GCC_C_LANGUAGE_STANDARD = gnu99;
				GCC_DYNAMIC_NO_PIC = NO;
				GCC_NO_COMMON_BLOCKS = YES;
				GCC_OPTIMIZATION_LEVEL = 0;
				GCC_PREPROCESSOR_DEFINITIONS = (
					"DEBUG=1",
					"$(inherited)",
				);
				GCC_WARN_64_TO_32_BIT_CONVERSION = YES;
				GCC_WARN_ABOUT_RETURN_TYPE = YES_ERROR;
				GCC_WARN_UNDECLARED_SELECTOR = YES;
				GCC_WARN_UNINITIALIZED_AUTOS = YES_AGGRESSIVE;
				GCC_WARN_UNUSED_FUNCTION = YES;
				GCC_WARN_UNUSED_VARIABLE = YES;
				IPHONEOS_DEPLOYMENT_TARGET = 10.3;
				MTL_ENABLE_DEBUG_INFO = YES;
				ONLY_ACTIVE_ARCH = YES;
				SDKROOT = iphoneos;
				SWIFT_ACTIVE_COMPILATION_CONDITIONS = DEBUG;
				SWIFT_OPTIMIZATION_LEVEL = "-Onone";
			};
			name = Debug;
		};
		B3D460901F25BE3F005162D4 /* Release */ = {
			isa = XCBuildConfiguration;
			buildSettings = {
				ALWAYS_SEARCH_USER_PATHS = NO;
				CLANG_ANALYZER_NONNULL = YES;
				CLANG_ANALYZER_NUMBER_OBJECT_CONVERSION = YES_AGGRESSIVE;
				CLANG_CXX_LANGUAGE_STANDARD = "gnu++0x";
				CLANG_CXX_LIBRARY = "libc++";
				CLANG_ENABLE_MODULES = YES;
				CLANG_ENABLE_OBJC_ARC = YES;
				CLANG_WARN_BOOL_CONVERSION = YES;
				CLANG_WARN_CONSTANT_CONVERSION = YES;
				CLANG_WARN_DIRECT_OBJC_ISA_USAGE = YES_ERROR;
				CLANG_WARN_DOCUMENTATION_COMMENTS = YES;
				CLANG_WARN_EMPTY_BODY = YES;
				CLANG_WARN_ENUM_CONVERSION = YES;
				CLANG_WARN_INFINITE_RECURSION = YES;
				CLANG_WARN_INT_CONVERSION = YES;
				CLANG_WARN_OBJC_ROOT_CLASS = YES_ERROR;
				CLANG_WARN_SUSPICIOUS_MOVE = YES;
				CLANG_WARN_UNREACHABLE_CODE = YES;
				CLANG_WARN__DUPLICATE_METHOD_MATCH = YES;
				"CODE_SIGN_IDENTITY[sdk=iphoneos*]" = "iPhone Developer";
				COPY_PHASE_STRIP = NO;
				DEBUG_INFORMATION_FORMAT = "dwarf-with-dsym";
				ENABLE_NS_ASSERTIONS = NO;
				ENABLE_STRICT_OBJC_MSGSEND = YES;
				GCC_C_LANGUAGE_STANDARD = gnu99;
				GCC_NO_COMMON_BLOCKS = YES;
				GCC_WARN_64_TO_32_BIT_CONVERSION = YES;
				GCC_WARN_ABOUT_RETURN_TYPE = YES_ERROR;
				GCC_WARN_UNDECLARED_SELECTOR = YES;
				GCC_WARN_UNINITIALIZED_AUTOS = YES_AGGRESSIVE;
				GCC_WARN_UNUSED_FUNCTION = YES;
				GCC_WARN_UNUSED_VARIABLE = YES;
				IPHONEOS_DEPLOYMENT_TARGET = 10.3;
				MTL_ENABLE_DEBUG_INFO = NO;
				SDKROOT = iphoneos;
				SWIFT_OPTIMIZATION_LEVEL = "-Owholemodule";
				VALIDATE_PRODUCT = YES;
			};
			name = Release;
		};
		B3D460921F25BE3F005162D4 /* Debug */ = {
			isa = XCBuildConfiguration;
			buildSettings = {
				ASSETCATALOG_COMPILER_APPICON_NAME = AppIcon;
				INFOPLIST_FILE = CloudsApp/Info.plist;
				LD_RUNPATH_SEARCH_PATHS = "$(inherited) @executable_path/Frameworks";
				PRODUCT_BUNDLE_IDENTIFIER = leo.com.tw.CloudsApp;
				PRODUCT_NAME = "$(TARGET_NAME)";
				SWIFT_VERSION = 3.0;
			};
			name = Debug;
		};
		B3D460931F25BE3F005162D4 /* Release */ = {
			isa = XCBuildConfiguration;
			buildSettings = {
				ASSETCATALOG_COMPILER_APPICON_NAME = AppIcon;
				INFOPLIST_FILE = CloudsApp/Info.plist;
				LD_RUNPATH_SEARCH_PATHS = "$(inherited) @executable_path/Frameworks";
				PRODUCT_BUNDLE_IDENTIFIER = leo.com.tw.CloudsApp;
				PRODUCT_NAME = "$(TARGET_NAME)";
				SWIFT_VERSION = 3.0;
			};
			name = Release;
		};
/* End XCBuildConfiguration section */

/* Begin XCConfigurationList section */
		B3D4607A1F25BE3F005162D4 /* Build configuration list for PBXProject "CloudsApp" */ = {
			isa = XCConfigurationList;
			buildConfigurations = (
				B3D4608F1F25BE3F005162D4 /* Debug */,
				B3D460901F25BE3F005162D4 /* Release */,
			);
			defaultConfigurationIsVisible = 0;
			defaultConfigurationName = Release;
		};
		B3D460911F25BE3F005162D4 /* Build configuration list for PBXNativeTarget "CloudsApp" */ = {
			isa = XCConfigurationList;
			buildConfigurations = (
				B3D460921F25BE3F005162D4 /* Debug */,
				B3D460931F25BE3F005162D4 /* Release */,
			);
			defaultConfigurationIsVisible = 0;
		};
/* End XCConfigurationList section */
	};
	rootObject = B3D460771F25BE3F005162D4 /* Project object */;
}
